
Microsoft Visual Studio Solution File, Format Version 12.00
# Visual Studio 2013
VisualStudioVersion = 12.0.0.0
MinimumVisualStudioVersion = 10.0.0.1
Project("{FAE04EC0-301F-11D3-BF4B-00C04F79EFBC}") = "Metrics", "Src\Metrics\Metrics.csproj", "{2ACDCD03-C070-4798-AF31-5FDFF52002A7}"
EndProject
Project("{FAE04EC0-301F-11D3-BF4B-00C04F79EFBC}") = "Metrics.Central", "Src\Metrics.Central\Metrics.Central.csproj", "{B1E07CE7-E613-491B-AA1B-5EFADF356B83}"
EndProject
Project("{FAE04EC0-301F-11D3-BF4B-00C04F79EFBC}") = "AspNetCore.Metrics", "Src\Adapters\AspNetCore.Metrics\AspNetCore.Metrics.csproj", "{8738C751-129B-4D67-9064-B4C0B6264FE8}"
EndProject
Global
	GlobalSection(SolutionConfigurationPlatforms) = preSolution
		Debug|Any CPU = Debug|Any CPU
		Release|Any CPU = Release|Any CPU
	EndGlobalSection
	GlobalSection(ProjectConfigurationPlatforms) = postSolution
		{2ACDCD03-C070-4798-AF31-5FDFF52002A7}.Debug|Any CPU.ActiveCfg = Debug|Any CPU
		{2ACDCD03-C070-4798-AF31-5FDFF52002A7}.Debug|Any CPU.Build.0 = Debug|Any CPU
		{2ACDCD03-C070-4798-AF31-5FDFF52002A7}.Release|Any CPU.ActiveCfg = Release|Any CPU
		{2ACDCD03-C070-4798-AF31-5FDFF52002A7}.Release|Any CPU.Build.0 = Release|Any CPU
		{B1E07CE7-E613-491B-AA1B-5EFADF356B83}.Debug|Any CPU.ActiveCfg = Debug|Any CPU
		{B1E07CE7-E613-491B-AA1B-5EFADF356B83}.Debug|Any CPU.Build.0 = Debug|Any CPU
		{B1E07CE7-E613-491B-AA1B-5EFADF356B83}.Release|Any CPU.ActiveCfg = Release|Any CPU
		{B1E07CE7-E613-491B-AA1B-5EFADF356B83}.Release|Any CPU.Build.0 = Release|Any CPU
		{8738C751-129B-4D67-9064-B4C0B6264FE8}.Debug|Any CPU.ActiveCfg = Debug|Any CPU
		{8738C751-129B-4D67-9064-B4C0B6264FE8}.Debug|Any CPU.Build.0 = Debug|Any CPU
		{8738C751-129B-4D67-9064-B4C0B6264FE8}.Release|Any CPU.ActiveCfg = Release|Any CPU
		{8738C751-129B-4D67-9064-B4C0B6264FE8}.Release|Any CPU.Build.0 = Release|Any CPU
	EndGlobalSection
	GlobalSection(SolutionProperties) = preSolution
		HideSolutionNode = FALSE
	EndGlobalSection
EndGlobal
